
Microsoft Visual Studio Solution File, Format Version 12.00
# Visual Studio Version 16
VisualStudioVersion = 16.0.31624.102
MinimumVisualStudioVersion = 10.0.40219.1
Project("{FAE04EC0-301F-11D3-BF4B-00C04F79EFBC}") = "10 kysymystä", "10 kysymystä\10 kysymystä.csproj", "{54A1CF03-8108-48C8-9AC1-58D8406B4CCD}"
EndProject
Global
	GlobalSection(SolutionConfigurationPlatforms) = preSolution
		Debug|Any CPU = Debug|Any CPU
		Release|Any CPU = Release|Any CPU
	EndGlobalSection
	GlobalSection(ProjectConfigurationPlatforms) = postSolution
		{54A1CF03-8108-48C8-9AC1-58D8406B4CCD}.Debug|Any CPU.ActiveCfg = Debug|Any CPU
		{54A1CF03-8108-48C8-9AC1-58D8406B4CCD}.Debug|Any CPU.Build.0 = Debug|Any CPU
		{54A1CF03-8108-48C8-9AC1-58D8406B4CCD}.Release|Any CPU.ActiveCfg = Release|Any CPU
		{54A1CF03-8108-48C8-9AC1-58D8406B4CCD}.Release|Any CPU.Build.0 = Release|Any CPU
	EndGlobalSection
	GlobalSection(SolutionProperties) = preSolution
		HideSolutionNode = FALSE
	EndGlobalSection
	GlobalSection(ExtensibilityGlobals) = postSolution
		SolutionGuid = {A452F0C6-2441-40BE-A1EE-F223FDC8ED17}
	EndGlobalSection
EndGlobal
