
Microsoft Visual Studio Solution File, Format Version 12.00
# Visual Studio Version 16
VisualStudioVersion = 16.0.31613.86
MinimumVisualStudioVersion = 10.0.40219.1
Project("{FAE04EC0-301F-11D3-BF4B-00C04F79EFBC}") = "Harjoitus_8", "Harjoitus_8\Harjoitus_8.csproj", "{D9A66A8A-630E-4795-9F24-05DC5B01F072}"
EndProject
Global
	GlobalSection(SolutionConfigurationPlatforms) = preSolution
		Debug|Any CPU = Debug|Any CPU
		Release|Any CPU = Release|Any CPU
	EndGlobalSection
	GlobalSection(ProjectConfigurationPlatforms) = postSolution
		{D9A66A8A-630E-4795-9F24-05DC5B01F072}.Debug|Any CPU.ActiveCfg = Debug|Any CPU
		{D9A66A8A-630E-4795-9F24-05DC5B01F072}.Debug|Any CPU.Build.0 = Debug|Any CPU
		{D9A66A8A-630E-4795-9F24-05DC5B01F072}.Release|Any CPU.ActiveCfg = Release|Any CPU
		{D9A66A8A-630E-4795-9F24-05DC5B01F072}.Release|Any CPU.Build.0 = Release|Any CPU
	EndGlobalSection
	GlobalSection(SolutionProperties) = preSolution
		HideSolutionNode = FALSE
	EndGlobalSection
	GlobalSection(ExtensibilityGlobals) = postSolution
		SolutionGuid = {A79DD564-6549-4881-9B8D-E18E47BB01F0}
	EndGlobalSection
EndGlobal
